
Microsoft Visual Studio Solution File, Format Version 12.00
# Visual Studio Version 17
VisualStudioVersion = 17.3.32825.248
MinimumVisualStudioVersion = 10.0.40219.1
Project("{FAE04EC0-301F-11D3-BF4B-00C04F79EFBC}") = "Nuclear Reactor", "Nuclear Reactor\Nuclear Reactor.csproj", "{0E254F12-E821-455B-852F-82369D8CC7A1}"
EndProject
Global
	GlobalSection(SolutionConfigurationPlatforms) = preSolution
		Debug|Any CPU = Debug|Any CPU
		Release|Any CPU = Release|Any CPU
	EndGlobalSection
	GlobalSection(ProjectConfigurationPlatforms) = postSolution
		{0E254F12-E821-455B-852F-82369D8CC7A1}.Debug|Any CPU.ActiveCfg = Debug|Any CPU
		{0E254F12-E821-455B-852F-82369D8CC7A1}.Debug|Any CPU.Build.0 = Debug|Any CPU
		{0E254F12-E821-455B-852F-82369D8CC7A1}.Release|Any CPU.ActiveCfg = Release|Any CPU
		{0E254F12-E821-455B-852F-82369D8CC7A1}.Release|Any CPU.Build.0 = Release|Any CPU
	EndGlobalSection
	GlobalSection(SolutionProperties) = preSolution
		HideSolutionNode = FALSE
	EndGlobalSection
	GlobalSection(ExtensibilityGlobals) = postSolution
		SolutionGuid = {B9AEB88F-D4BD-41EA-BAF3-4E1759E38AA8}
	EndGlobalSection
EndGlobal
